
Microsoft Visual Studio Solution File, Format Version 12.00
# Visual Studio Version 17
VisualStudioVersion = 17.5.002.0
MinimumVisualStudioVersion = 10.0.40219.1
Project("{9A19103F-16F7-4668-BE54-9A1E7A4F7556}") = "Sem2_Task4", "Sem2_Task4.csproj", "{13EA4C1B-5B55-476D-99BD-D75A3B81D7C9}"
EndProject
Global
	GlobalSection(SolutionConfigurationPlatforms) = preSolution
		Debug|Any CPU = Debug|Any CPU
		Release|Any CPU = Release|Any CPU
	EndGlobalSection
	GlobalSection(ProjectConfigurationPlatforms) = postSolution
		{13EA4C1B-5B55-476D-99BD-D75A3B81D7C9}.Debug|Any CPU.ActiveCfg = Debug|Any CPU
		{13EA4C1B-5B55-476D-99BD-D75A3B81D7C9}.Debug|Any CPU.Build.0 = Debug|Any CPU
		{13EA4C1B-5B55-476D-99BD-D75A3B81D7C9}.Release|Any CPU.ActiveCfg = Release|Any CPU
		{13EA4C1B-5B55-476D-99BD-D75A3B81D7C9}.Release|Any CPU.Build.0 = Release|Any CPU
	EndGlobalSection
	GlobalSection(SolutionProperties) = preSolution
		HideSolutionNode = FALSE
	EndGlobalSection
	GlobalSection(ExtensibilityGlobals) = postSolution
		SolutionGuid = {74D36729-FF31-4632-90D7-6581A2F625A6}
	EndGlobalSection
EndGlobal
